
Microsoft Visual Studio Solution File, Format Version 12.00
# Visual Studio Version 16
VisualStudioVersion = 16.0.30011.22
MinimumVisualStudioVersion = 10.0.40219.1
Project("{9A19103F-16F7-4668-BE54-9A1E7A4F7556}") = "DigiturkArticleApi", "DigiturkArticleApi\DigiturkArticleApi.csproj", "{3272A472-29AF-4C53-B99A-ACAA3EB986FE}"
EndProject
Project("{FAE04EC0-301F-11D3-BF4B-00C04F79EFBC}") = "Core", "Core\Core.csproj", "{4B33FC8D-9E86-4F92-9B3E-F56BEBED9C08}"
EndProject
Project("{FAE04EC0-301F-11D3-BF4B-00C04F79EFBC}") = "Business", "Business\Business.csproj", "{7ADE4098-C1CF-4B55-9123-38676BA25B8A}"
EndProject
Project("{FAE04EC0-301F-11D3-BF4B-00C04F79EFBC}") = "DataAccess", "DataAccess\DataAccess.csproj", "{A997AABE-C2C6-4B8A-8EC9-B19360EABB93}"
EndProject
Project("{FAE04EC0-301F-11D3-BF4B-00C04F79EFBC}") = "Entity", "Entity\Entity.csproj", "{48CC082E-9732-40B7-9A71-BAE30D49E38B}"
EndProject
Global
	GlobalSection(SolutionConfigurationPlatforms) = preSolution
		Debug|Any CPU = Debug|Any CPU
		Release|Any CPU = Release|Any CPU
	EndGlobalSection
	GlobalSection(ProjectConfigurationPlatforms) = postSolution
		{3272A472-29AF-4C53-B99A-ACAA3EB986FE}.Debug|Any CPU.ActiveCfg = Debug|Any CPU
		{3272A472-29AF-4C53-B99A-ACAA3EB986FE}.Debug|Any CPU.Build.0 = Debug|Any CPU
		{3272A472-29AF-4C53-B99A-ACAA3EB986FE}.Release|Any CPU.ActiveCfg = Release|Any CPU
		{3272A472-29AF-4C53-B99A-ACAA3EB986FE}.Release|Any CPU.Build.0 = Release|Any CPU
		{4B33FC8D-9E86-4F92-9B3E-F56BEBED9C08}.Debug|Any CPU.ActiveCfg = Debug|Any CPU
		{4B33FC8D-9E86-4F92-9B3E-F56BEBED9C08}.Debug|Any CPU.Build.0 = Debug|Any CPU
		{4B33FC8D-9E86-4F92-9B3E-F56BEBED9C08}.Release|Any CPU.ActiveCfg = Release|Any CPU
		{4B33FC8D-9E86-4F92-9B3E-F56BEBED9C08}.Release|Any CPU.Build.0 = Release|Any CPU
		{7ADE4098-C1CF-4B55-9123-38676BA25B8A}.Debug|Any CPU.ActiveCfg = Debug|Any CPU
		{7ADE4098-C1CF-4B55-9123-38676BA25B8A}.Debug|Any CPU.Build.0 = Debug|Any CPU
		{7ADE4098-C1CF-4B55-9123-38676BA25B8A}.Release|Any CPU.ActiveCfg = Release|Any CPU
		{7ADE4098-C1CF-4B55-9123-38676BA25B8A}.Release|Any CPU.Build.0 = Release|Any CPU
		{A997AABE-C2C6-4B8A-8EC9-B19360EABB93}.Debug|Any CPU.ActiveCfg = Debug|Any CPU
		{A997AABE-C2C6-4B8A-8EC9-B19360EABB93}.Debug|Any CPU.Build.0 = Debug|Any CPU
		{A997AABE-C2C6-4B8A-8EC9-B19360EABB93}.Release|Any CPU.ActiveCfg = Release|Any CPU
		{A997AABE-C2C6-4B8A-8EC9-B19360EABB93}.Release|Any CPU.Build.0 = Release|Any CPU
		{48CC082E-9732-40B7-9A71-BAE30D49E38B}.Debug|Any CPU.ActiveCfg = Debug|Any CPU
		{48CC082E-9732-40B7-9A71-BAE30D49E38B}.Debug|Any CPU.Build.0 = Debug|Any CPU
		{48CC082E-9732-40B7-9A71-BAE30D49E38B}.Release|Any CPU.ActiveCfg = Release|Any CPU
		{48CC082E-9732-40B7-9A71-BAE30D49E38B}.Release|Any CPU.Build.0 = Release|Any CPU
	EndGlobalSection
	GlobalSection(SolutionProperties) = preSolution
		HideSolutionNode = FALSE
	EndGlobalSection
	GlobalSection(ExtensibilityGlobals) = postSolution
		SolutionGuid = {79B138EE-36FB-4D78-A406-1AD172D172C8}
	EndGlobalSection
EndGlobal
